{
  "version": 4,
  "terraform_version": "0.12.19",
  "serial": 56,
  "lineage": "1e0933a9-4a7d-81e2-0204-1a0dafacccd6",
  "outputs": {},
  "resources": [
    {
      "mode": "data",
      "type": "archive_file",
      "name": "sidecar_app_zip",
      "provider": "provider.archive",
      "instances": [
        {
          "schema_version": 0,
          "attributes": {
            "excludes": null,
            "id": "7489b313abfb2050d5130c3b51c7c0bd31151299",
            "output_base64sha256": "ve5amhBJ6f+GL7EMCFCJTIwfs9e81QPs4UmsX/qAkO0=",
            "output_md5": "64df3f524f38bd7f0b9c831cfe45bdc3",
            "output_path": "../builds/sfinh-sidecar_app.zip",
            "output_sha": "7489b313abfb2050d5130c3b51c7c0bd31151299",
            "output_size": 618,
            "source": [
              {
                "content": "const { Storage } = require(\"@google-cloud/storage\");\n\nasync function app() {\n\tconst storage = new Storage();\n\n\tconst [files] = await storage.bucket('secrets').getFiles();\n\n\tfiles.forEach(file =\u003e console.log(file.name))\n}\n\nexports.app = app;\n",
                "filename": "index.js"
              },
              {
                "content": "{\n  \"name\": \"sidecar_app\",\n  \"version\": \"1.0.0\",\n  \"description\": \"\",\n  \"main\": \"index.js\",\n  \"scripts\": {\n    \"test\": \"echo \\\"Error: no test specified\\\" \u0026\u0026 exit 1\"\n  },\n  \"keywords\": [],\n  \"author\": \"\",\n  \"license\": \"ISC\",\n  \"dependencies\": {\n    \"@google-cloud/storage\": \"^4.2.0\"\n  }\n}\n",
                "filename": "package.json"
              }
            ],
            "source_content": null,
            "source_content_filename": null,
            "source_dir": null,
            "source_file": null,
            "type": "zip"
          }
        }
      ]
    },
    {
      "mode": "data",
      "type": "archive_file",
      "name": "slack_notification_zip",
      "provider": "provider.archive",
      "instances": [
        {
          "schema_version": 0,
          "attributes": {
            "excludes": null,
            "id": "a012dbd88249462f8b4506468a04110bda2cef17",
            "output_base64sha256": "3aDtYse4SBmTkPVBObAEZJXERizYvjUaEAjS5ABEauU=",
            "output_md5": "f7efa8253779a0d00303de6461bf777d",
            "output_path": "../builds/sfinh-app.zip",
            "output_sha": "a012dbd88249462f8b4506468a04110bda2cef17",
            "output_size": 393,
            "source": [],
            "source_content": null,
            "source_content_filename": null,
            "source_dir": "../app/",
            "source_file": null,
            "type": "zip"
          }
        }
      ]
    },
    {
      "mode": "data",
      "type": "template_file",
      "name": "sidecar_app_index",
      "provider": "provider.template",
      "instances": [
        {
          "schema_version": 0,
          "attributes": {
            "filename": null,
            "id": "40dcbd7874d3147b5d6c06ba5feb38202f26560bc2e82639b7e27e613b0e1cde",
            "rendered": "const { Storage } = require(\"@google-cloud/storage\");\n\nasync function app() {\n\tconst storage = new Storage();\n\n\tconst [files] = await storage.bucket('secrets').getFiles();\n\n\tfiles.forEach(file =\u003e console.log(file.name))\n}\n\nexports.app = app;\n",
            "template": "const { Storage } = require(\"@google-cloud/storage\");\n\nasync function app() {\n\tconst storage = new Storage();\n\n\tconst [files] = await storage.bucket('secrets').getFiles();\n\n\tfiles.forEach(file =\u003e console.log(file.name))\n}\n\nexports.app = app;\n",
            "vars": null
          }
        }
      ]
    },
    {
      "mode": "data",
      "type": "template_file",
      "name": "sidecar_app_json",
      "provider": "provider.template",
      "instances": [
        {
          "schema_version": 0,
          "attributes": {
            "filename": null,
            "id": "ba1fc4d21e6ce7b68acebb9141ee198da55f234fab6685eb07473dc1d18e2592",
            "rendered": "{\n  \"name\": \"sidecar_app\",\n  \"version\": \"1.0.0\",\n  \"description\": \"\",\n  \"main\": \"index.js\",\n  \"scripts\": {\n    \"test\": \"echo \\\"Error: no test specified\\\" \u0026\u0026 exit 1\"\n  },\n  \"keywords\": [],\n  \"author\": \"\",\n  \"license\": \"ISC\",\n  \"dependencies\": {\n    \"@google-cloud/storage\": \"^4.2.0\"\n  }\n}\n",
            "template": "{\n  \"name\": \"sidecar_app\",\n  \"version\": \"1.0.0\",\n  \"description\": \"\",\n  \"main\": \"index.js\",\n  \"scripts\": {\n    \"test\": \"echo \\\"Error: no test specified\\\" \u0026\u0026 exit 1\"\n  },\n  \"keywords\": [],\n  \"author\": \"\",\n  \"license\": \"ISC\",\n  \"dependencies\": {\n    \"@google-cloud/storage\": \"^4.2.0\"\n  }\n}\n",
            "vars": null
          }
        }
      ]
    },
    {
      "mode": "managed",
      "type": "google_cloudfunctions_function",
      "name": "sidecar_app_function",
      "provider": "provider.google",
      "instances": [
        {
          "schema_version": 0,
          "attributes": {
            "available_memory_mb": 128,
            "description": "",
            "entry_point": "app",
            "environment_variables": {},
            "event_trigger": [
              {
                "event_type": "google.pubsub.topic.publish",
                "failure_policy": [
                  {
                    "retry": false
                  }
                ],
                "resource": "projects/slack-app-265014/topics/NOTIFY_SLACK"
              }
            ],
            "https_trigger_url": null,
            "id": "projects/slack-app-265014/locations/us-central1/functions/sidecar_app",
            "labels": {},
            "max_instances": 0,
            "name": "sidecar_app",
            "project": "slack-app-265014",
            "region": "us-central1",
            "runtime": "nodejs10",
            "service_account_email": "slack-app-265014@appspot.gserviceaccount.com",
            "source_archive_bucket": "slack-app-bucket",
            "source_archive_object": "sfinh.64df3f524f38bd7f0b9c831cfe45bdc3.zip",
            "source_repository": [],
            "timeout": 60,
            "timeouts": null,
            "trigger_http": null,
            "vpc_connector": ""
          },
          "private": "eyJlMmJmYjczMC1lY2FhLTExZTYtOGY4OC0zNDM2M2JjN2M0YzAiOnsiY3JlYXRlIjozMDAwMDAwMDAwMDAsImRlbGV0ZSI6MzAwMDAwMDAwMDAwLCJyZWFkIjozMDAwMDAwMDAwMDAsInVwZGF0ZSI6MzAwMDAwMDAwMDAwfX0=",
          "dependencies": [
            "google_storage_bucket.slack_notification_bucket",
            "google_storage_bucket_object.sidecar_app_object",
            "random_string.build_name"
          ]
        }
      ]
    },
    {
      "mode": "managed",
      "type": "google_cloudfunctions_function",
      "name": "slack_notification_function",
      "provider": "provider.google",
      "instances": [
        {
          "schema_version": 0,
          "attributes": {
            "available_memory_mb": 128,
            "description": "",
            "entry_point": "app",
            "environment_variables": {},
            "event_trigger": [
              {
                "event_type": "google.pubsub.topic.publish",
                "failure_policy": [
                  {
                    "retry": false
                  }
                ],
                "resource": "projects/slack-app-265014/topics/NOTIFY_SLACK"
              }
            ],
            "https_trigger_url": null,
            "id": "projects/slack-app-265014/locations/us-central1/functions/slack-app-notification",
            "labels": {},
            "max_instances": 0,
            "name": "slack-app-notification",
            "project": "slack-app-265014",
            "region": "us-central1",
            "runtime": "nodejs10",
            "service_account_email": "slack-app-265014@appspot.gserviceaccount.com",
            "source_archive_bucket": "slack-app-bucket",
            "source_archive_object": "sfinh.f7efa8253779a0d00303de6461bf777d.zip",
            "source_repository": [],
            "timeout": 60,
            "timeouts": null,
            "trigger_http": null,
            "vpc_connector": ""
          },
          "private": "eyJlMmJmYjczMC1lY2FhLTExZTYtOGY4OC0zNDM2M2JjN2M0YzAiOnsiY3JlYXRlIjozMDAwMDAwMDAwMDAsImRlbGV0ZSI6MzAwMDAwMDAwMDAwLCJyZWFkIjozMDAwMDAwMDAwMDAsInVwZGF0ZSI6MzAwMDAwMDAwMDAwfX0=",
          "dependencies": [
            "google_storage_bucket.slack_notification_bucket",
            "google_storage_bucket_object.slack_notification_object",
            "random_string.build_name"
          ]
        }
      ]
    },
    {
      "mode": "managed",
      "type": "google_pubsub_topic",
      "name": "notification_topic",
      "provider": "provider.google",
      "instances": [
        {
          "schema_version": 0,
          "attributes": {
            "id": "projects/slack-app-265014/topics/NOTIFY_SLACK",
            "kms_key_name": "",
            "labels": {},
            "message_storage_policy": [],
            "name": "NOTIFY_SLACK",
            "project": "slack-app-265014",
            "timeouts": null
          },
          "private": "eyJlMmJmYjczMC1lY2FhLTExZTYtOGY4OC0zNDM2M2JjN2M0YzAiOnsiY3JlYXRlIjoyNDAwMDAwMDAwMDAsImRlbGV0ZSI6MjQwMDAwMDAwMDAwLCJ1cGRhdGUiOjI0MDAwMDAwMDAwMH19"
        }
      ]
    },
    {
      "mode": "managed",
      "type": "google_storage_bucket",
      "name": "slack_notification_bucket",
      "provider": "provider.google",
      "instances": [
        {
          "schema_version": 0,
          "attributes": {
            "bucket_policy_only": false,
            "cors": [],
            "encryption": [],
            "force_destroy": false,
            "id": "slack-app-bucket",
            "labels": {},
            "lifecycle_rule": [],
            "location": "US",
            "logging": [],
            "name": "slack-app-bucket",
            "project": "slack-app-265014",
            "requester_pays": false,
            "retention_policy": [],
            "self_link": "https://www.googleapis.com/storage/v1/b/slack-app-bucket",
            "storage_class": "STANDARD",
            "url": "gs://slack-app-bucket",
            "versioning": [],
            "website": []
          },
          "private": "bnVsbA=="
        }
      ]
    },
    {
      "mode": "managed",
      "type": "google_storage_bucket_object",
      "name": "sidecar_app_object",
      "provider": "provider.google",
      "instances": [
        {
          "schema_version": 0,
          "attributes": {
            "bucket": "slack-app-bucket",
            "cache_control": "",
            "content": null,
            "content_disposition": "",
            "content_encoding": "",
            "content_language": "",
            "content_type": "application/zip",
            "crc32c": "tvKqvQ==",
            "detect_md5hash": "ZN8/Uk84vX8LnIMc/kW9ww==",
            "id": "slack-app-bucket-sfinh.64df3f524f38bd7f0b9c831cfe45bdc3.zip",
            "md5hash": "ZN8/Uk84vX8LnIMc/kW9ww==",
            "name": "sfinh.64df3f524f38bd7f0b9c831cfe45bdc3.zip",
            "output_name": "sfinh.64df3f524f38bd7f0b9c831cfe45bdc3.zip",
            "self_link": "https://www.googleapis.com/storage/v1/b/slack-app-bucket/o/sfinh.64df3f524f38bd7f0b9c831cfe45bdc3.zip",
            "source": "../builds/sfinh-sidecar_app.zip",
            "storage_class": "STANDARD"
          },
          "private": "bnVsbA==",
          "dependencies": [
            "google_storage_bucket.slack_notification_bucket",
            "random_string.build_name"
          ]
        }
      ]
    },
    {
      "mode": "managed",
      "type": "google_storage_bucket_object",
      "name": "slack_notification_object",
      "provider": "provider.google",
      "instances": [
        {
          "schema_version": 0,
          "attributes": {
            "bucket": "slack-app-bucket",
            "cache_control": "",
            "content": null,
            "content_disposition": "",
            "content_encoding": "",
            "content_language": "",
            "content_type": "application/zip",
            "crc32c": "PH5gpw==",
            "detect_md5hash": "9++oJTd5oNADA95kYb93fQ==",
            "id": "slack-app-bucket-sfinh.f7efa8253779a0d00303de6461bf777d.zip",
            "md5hash": "9++oJTd5oNADA95kYb93fQ==",
            "name": "sfinh.f7efa8253779a0d00303de6461bf777d.zip",
            "output_name": "sfinh.f7efa8253779a0d00303de6461bf777d.zip",
            "self_link": "https://www.googleapis.com/storage/v1/b/slack-app-bucket/o/sfinh.f7efa8253779a0d00303de6461bf777d.zip",
            "source": "../builds/sfinh-app.zip",
            "storage_class": "STANDARD"
          },
          "private": "bnVsbA==",
          "dependencies": [
            "google_storage_bucket.slack_notification_bucket",
            "random_string.build_name"
          ]
        }
      ]
    },
    {
      "mode": "managed",
      "type": "random_string",
      "name": "build_name",
      "provider": "provider.random",
      "instances": [
        {
          "schema_version": 1,
          "attributes": {
            "id": "sfinh",
            "keepers": null,
            "length": 5,
            "lower": true,
            "min_lower": 0,
            "min_numeric": 0,
            "min_special": 0,
            "min_upper": 0,
            "number": true,
            "override_special": "/@$",
            "result": "sfinh",
            "special": true,
            "upper": true
          },
          "private": "eyJzY2hlbWFfdmVyc2lvbiI6IjEifQ=="
        }
      ]
    }
  ]
}
